// !$*UTF8*$!
{
	archiveVersion = 1;
	classes = {
	};
	objectVersion = 56;
	objects = {

/* Begin PBXBuildFile section */
		A7202419299E5C9700B9FDEA /* ViewControllerAbout.swift in Sources */ = {isa = PBXBuildFile; fileRef = A7202418299E5C9700B9FDEA /* ViewControllerAbout.swift */; };
		A74E8C17299522260013A928 /* ViewControllerSettings.swift in Sources */ = {isa = PBXBuildFile; fileRef = A74E8C16299522260013A928 /* ViewControllerSettings.swift */; };
		A770B7902979914200824B3A /* AppDelegate.swift in Sources */ = {isa = PBXBuildFile; fileRef = A770B78F2979914200824B3A /* AppDelegate.swift */; };
		A770B7922979914200824B3A /* SceneDelegate.swift in Sources */ = {isa = PBXBuildFile; fileRef = A770B7912979914200824B3A /* SceneDelegate.swift */; };
		A770B7942979914200824B3A /* ViewController.swift in Sources */ = {isa = PBXBuildFile; fileRef = A770B7932979914200824B3A /* ViewController.swift */; };
		A770B7972979914200824B3A /* Main.storyboard in Resources */ = {isa = PBXBuildFile; fileRef = A770B7952979914200824B3A /* Main.storyboard */; };
		A770B7992979914400824B3A /* Assets.xcassets in Resources */ = {isa = PBXBuildFile; fileRef = A770B7982979914400824B3A /* Assets.xcassets */; };
		A770B79C2979914400824B3A /* LaunchScreen.storyboard in Resources */ = {isa = PBXBuildFile; fileRef = A770B79A2979914400824B3A /* LaunchScreen.storyboard */; };
		A7A6D126299552D80026F615 /* ViewControllerSettings.swift in Sources */ = {isa = PBXBuildFile; fileRef = A7A6D125299552D80026F615 /* ViewControllerSettings.swift */; };
/* End PBXBuildFile section */

/* Begin PBXFileReference section */
		A7202418299E5C9700B9FDEA /* ViewControllerAbout.swift */ = {isa = PBXFileReference; lastKnownFileType = sourcecode.swift; path = ViewControllerAbout.swift; sourceTree = "<group>"; };
		A74E8C16299522260013A928 /* ViewControllerSettings.swift */ = {isa = PBXFileReference; lastKnownFileType = sourcecode.swift; path = ViewControllerSettings.swift; sourceTree = "<group>"; };
		A770B78C2979914200824B3A /* idm362-jwt23.app */ = {isa = PBXFileReference; explicitFileType = wrapper.application; includeInIndex = 0; path = "idm362-jwt23.app"; sourceTree = BUILT_PRODUCTS_DIR; };
		A770B78F2979914200824B3A /* AppDelegate.swift */ = {isa = PBXFileReference; lastKnownFileType = sourcecode.swift; path = AppDelegate.swift; sourceTree = "<group>"; };
		A770B7912979914200824B3A /* SceneDelegate.swift */ = {isa = PBXFileReference; lastKnownFileType = sourcecode.swift; path = SceneDelegate.swift; sourceTree = "<group>"; };
		A770B7932979914200824B3A /* ViewController.swift */ = {isa = PBXFileReference; lastKnownFileType = sourcecode.swift; path = ViewController.swift; sourceTree = "<group>"; };
		A770B7962979914200824B3A /* Base */ = {isa = PBXFileReference; lastKnownFileType = file.storyboard; name = Base; path = Base.lproj/Main.storyboard; sourceTree = "<group>"; };
		A770B7982979914400824B3A /* Assets.xcassets */ = {isa = PBXFileReference; lastKnownFileType = folder.assetcatalog; path = Assets.xcassets; sourceTree = "<group>"; };
		A770B79B2979914400824B3A /* Base */ = {isa = PBXFileReference; lastKnownFileType = file.storyboard; name = Base; path = Base.lproj/LaunchScreen.storyboard; sourceTree = "<group>"; };
		A770B79D2979914400824B3A /* Info.plist */ = {isa = PBXFileReference; lastKnownFileType = text.plist.xml; path = Info.plist; sourceTree = "<group>"; };
		A7A6D125299552D80026F615 /* ViewControllerSettings.swift */ = {isa = PBXFileReference; lastKnownFileType = sourcecode.swift; path = ViewControllerSettings.swift; sourceTree = "<group>"; };
/* End PBXFileReference section */

/* Begin PBXFrameworksBuildPhase section */
		A770B7892979914200824B3A /* Frameworks */ = {
			isa = PBXFrameworksBuildPhase;
			buildActionMask = 2147483647;
			files = (
			);
			runOnlyForDeploymentPostprocessing = 0;
		};
/* End PBXFrameworksBuildPhase section */

/* Begin PBXGroup section */
		A770B7832979914200824B3A = {
			isa = PBXGroup;
			children = (
				A770B78E2979914200824B3A /* idm362-jwt23 */,
				A770B78D2979914200824B3A /* Products */,
			);
			sourceTree = "<group>";
		};
		A770B78D2979914200824B3A /* Products */ = {
			isa = PBXGroup;
			children = (
				A770B78C2979914200824B3A /* idm362-jwt23.app */,
			);
			name = Products;
			sourceTree = "<group>";
		};
		A770B78E2979914200824B3A /* idm362-jwt23 */ = {
			isa = PBXGroup;
			children = (
				A770B78F2979914200824B3A /* AppDelegate.swift */,
				A770B7912979914200824B3A /* SceneDelegate.swift */,
				A770B7932979914200824B3A /* ViewController.swift */,
				A770B7952979914200824B3A /* Main.storyboard */,
				A7202418299E5C9700B9FDEA /* ViewControllerAbout.swift */,
				A74E8C16299522260013A928 /* ViewControllerSettings.swift */,
				A770B7982979914400824B3A /* Assets.xcassets */,
				A770B79A2979914400824B3A /* LaunchScreen.storyboard */,
				A770B79D2979914400824B3A /* Info.plist */,
			);
			path = "idm362-jwt23";
			sourceTree = "<group>";
		};
/* End PBXGroup section */

/* Begin PBXNativeTarget section */
		A770B78B2979914200824B3A /* idm362-jwt23 */ = {
			isa = PBXNativeTarget;
			buildConfigurationList = A770B7A02979914400824B3A /* Build configuration list for PBXNativeTarget "idm362-jwt23" */;
			buildPhases = (
				A770B7882979914200824B3A /* Sources */,
				A770B7892979914200824B3A /* Frameworks */,
				A770B78A2979914200824B3A /* Resources */,
			);
			buildRules = (
			);
			dependencies = (
			);
			name = "idm362-jwt23";
			productName = "idm362-jwt23";
			productReference = A770B78C2979914200824B3A /* idm362-jwt23.app */;
			productType = "com.apple.product-type.application";
		};
/* End PBXNativeTarget section */

/* Begin PBXProject section */
		A770B7842979914200824B3A /* Project object */ = {
			isa = PBXProject;
			attributes = {
				BuildIndependentTargetsInParallel = 1;
				LastSwiftUpdateCheck = 1410;
				LastUpgradeCheck = 1410;
				TargetAttributes = {
					A770B78B2979914200824B3A = {
						CreatedOnToolsVersion = 14.1;
					};
				};
			};
			buildConfigurationList = A770B7872979914200824B3A /* Build configuration list for PBXProject "idm362-jwt23" */;
			compatibilityVersion = "Xcode 14.0";
			developmentRegion = en;
			hasScannedForEncodings = 0;
			knownRegions = (
				en,
				Base,
			);
			mainGroup = A770B7832979914200824B3A;
			productRefGroup = A770B78D2979914200824B3A /* Products */;
			projectDirPath = "";
			projectRoot = "";
			targets = (
				A770B78B2979914200824B3A /* idm362-jwt23 */,
			);
		};
/* End PBXProject section */

/* Begin PBXResourcesBuildPhase section */
		A770B78A2979914200824B3A /* Resources */ = {
			isa = PBXResourcesBuildPhase;
			buildActionMask = 2147483647;
			files = (
				A770B79C2979914400824B3A /* LaunchScreen.storyboard in Resources */,
				A770B7992979914400824B3A /* Assets.xcassets in Resources */,
				A770B7972979914200824B3A /* Main.storyboard in Resources */,
			);
			runOnlyForDeploymentPostprocessing = 0;
		};
/* End PBXResourcesBuildPhase section */

/* Begin PBXSourcesBuildPhase section */
		A770B7882979914200824B3A /* Sources */ = {
			isa = PBXSourcesBuildPhase;
			buildActionMask = 2147483647;
			files = (
				A770B7942979914200824B3A /* ViewController.swift in Sources */,
				A7202419299E5C9700B9FDEA /* ViewControllerAbout.swift in Sources */,
				A770B7902979914200824B3A /* AppDelegate.swift in Sources */,
				A770B7922979914200824B3A /* SceneDelegate.swift in Sources */,
				A74E8C17299522260013A928 /* ViewControllerSettings.swift in Sources */,
			);
			runOnlyForDeploymentPostprocessing = 0;
		};
/* End PBXSourcesBuildPhase section */

/* Begin PBXVariantGroup section */
		A770B7952979914200824B3A /* Main.storyboard */ = {
			isa = PBXVariantGroup;
			children = (
				A770B7962979914200824B3A /* Base */,
			);
			name = Main.storyboard;
			sourceTree = "<group>";
		};
		A770B79A2979914400824B3A /* LaunchScreen.storyboard */ = {
			isa = PBXVariantGroup;
			children = (
				A770B79B2979914400824B3A /* Base */,
			);
			name = LaunchScreen.storyboard;
			sourceTree = "<group>";
		};
/* End PBXVariantGroup section */

/* Begin XCBuildConfiguration section */
		A770B79E2979914400824B3A /* Debug */ = {
			isa = XCBuildConfiguration;
			buildSettings = {
				ALWAYS_SEARCH_USER_PATHS = NO;
				CLANG_ANALYZER_NONNULL = YES;
				CLANG_ANALYZER_NUMBER_OBJECT_CONVERSION = YES_AGGRESSIVE;
				CLANG_CXX_LANGUAGE_STANDARD = "gnu++20";
				CLANG_ENABLE_MODULES = YES;
				CLANG_ENABLE_OBJC_ARC = YES;
				CLANG_ENABLE_OBJC_WEAK = YES;
				CLANG_WARN_BLOCK_CAPTURE_AUTORELEASING = YES;
				CLANG_WARN_BOOL_CONVERSION = YES;
				CLANG_WARN_COMMA = YES;
				CLANG_WARN_CONSTANT_CONVERSION = YES;
				CLANG_WARN_DEPRECATED_OBJC_IMPLEMENTATIONS = YES;
				CLANG_WARN_DIRECT_OBJC_ISA_USAGE = YES_ERROR;
				CLANG_WARN_DOCUMENTATION_COMMENTS = YES;
				CLANG_WARN_EMPTY_BODY = YES;
				CLANG_WARN_ENUM_CONVERSION = YES;
				CLANG_WARN_INFINITE_RECURSION = YES;
				CLANG_WARN_INT_CONVERSION = YES;
				CLANG_WARN_NON_LITERAL_NULL_CONVERSION = YES;
				CLANG_WARN_OBJC_IMPLICIT_RETAIN_SELF = YES;
				CLANG_WARN_OBJC_LITERAL_CONVERSION = YES;
				CLANG_WARN_OBJC_ROOT_CLASS = YES_ERROR;
				CLANG_WARN_QUOTED_INCLUDE_IN_FRAMEWORK_HEADER = YES;
				CLANG_WARN_RANGE_LOOP_ANALYSIS = YES;
				CLANG_WARN_STRICT_PROTOTYPES = YES;
				CLANG_WARN_SUSPICIOUS_MOVE = YES;
				CLANG_WARN_UNGUARDED_AVAILABILITY = YES_AGGRESSIVE;
				CLANG_WARN_UNREACHABLE_CODE = YES;
				CLANG_WARN__DUPLICATE_METHOD_MATCH = YES;
				COPY_PHASE_STRIP = NO;
				DEBUG_INFORMATION_FORMAT = dwarf;
				ENABLE_STRICT_OBJC_MSGSEND = YES;
				ENABLE_TESTABILITY = YES;
				GCC_C_LANGUAGE_STANDARD = gnu11;
				GCC_DYNAMIC_NO_PIC = NO;
				GCC_NO_COMMON_BLOCKS = YES;
				GCC_OPTIMIZATION_LEVEL = 0;
				GCC_PREPROCESSOR_DEFINITIONS = (
					"DEBUG=1",
					"$(inherited)",
				);
				GCC_WARN_64_TO_32_BIT_CONVERSION = YES;
				GCC_WARN_ABOUT_RETURN_TYPE = YES_ERROR;
				GCC_WARN_UNDECLARED_SELECTOR = YES;
				GCC_WARN_UNINITIALIZED_AUTOS = YES_AGGRESSIVE;
				GCC_WARN_UNUSED_FUNCTION = YES;
				GCC_WARN_UNUSED_VARIABLE = YES;
				IPHONEOS_DEPLOYMENT_TARGET = 16.1;
				MTL_ENABLE_DEBUG_INFO = INCLUDE_SOURCE;
				MTL_FAST_MATH = YES;
				ONLY_ACTIVE_ARCH = YES;
				SDKROOT = iphoneos;
				SWIFT_ACTIVE_COMPILATION_CONDITIONS = DEBUG;
				SWIFT_OPTIMIZATION_LEVEL = "-Onone";
			};
			name = Debug;
		};
		A770B79F2979914400824B3A /* Release */ = {
			isa = XCBuildConfiguration;
			buildSettings = {
				ALWAYS_SEARCH_USER_PATHS = NO;
				CLANG_ANALYZER_NONNULL = YES;
				CLANG_ANALYZER_NUMBER_OBJECT_CONVERSION = YES_AGGRESSIVE;
				CLANG_CXX_LANGUAGE_STANDARD = "gnu++20";
				CLANG_ENABLE_MODULES = YES;
				CLANG_ENABLE_OBJC_ARC = YES;
				CLANG_ENABLE_OBJC_WEAK = YES;
				CLANG_WARN_BLOCK_CAPTURE_AUTORELEASING = YES;
				CLANG_WARN_BOOL_CONVERSION = YES;
				CLANG_WARN_COMMA = YES;
				CLANG_WARN_CONSTANT_CONVERSION = YES;
				CLANG_WARN_DEPRECATED_OBJC_IMPLEMENTATIONS = YES;
				CLANG_WARN_DIRECT_OBJC_ISA_USAGE = YES_ERROR;
				CLANG_WARN_DOCUMENTATION_COMMENTS = YES;
				CLANG_WARN_EMPTY_BODY = YES;
				CLANG_WARN_ENUM_CONVERSION = YES;
				CLANG_WARN_INFINITE_RECURSION = YES;
				CLANG_WARN_INT_CONVERSION = YES;
				CLANG_WARN_NON_LITERAL_NULL_CONVERSION = YES;
				CLANG_WARN_OBJC_IMPLICIT_RETAIN_SELF = YES;
				CLANG_WARN_OBJC_LITERAL_CONVERSION = YES;
				CLANG_WARN_OBJC_ROOT_CLASS = YES_ERROR;
				CLANG_WARN_QUOTED_INCLUDE_IN_FRAMEWORK_HEADER = YES;
				CLANG_WARN_RANGE_LOOP_ANALYSIS = YES;
				CLANG_WARN_STRICT_PROTOTYPES = YES;
				CLANG_WARN_SUSPICIOUS_MOVE = YES;
				CLANG_WARN_UNGUARDED_AVAILABILITY = YES_AGGRESSIVE;
				CLANG_WARN_UNREACHABLE_CODE = YES;
				CLANG_WARN__DUPLICATE_METHOD_MATCH = YES;
				COPY_PHASE_STRIP = NO;
				DEBUG_INFORMATION_FORMAT = "dwarf-with-dsym";
				ENABLE_NS_ASSERTIONS = NO;
				ENABLE_STRICT_OBJC_MSGSEND = YES;
				GCC_C_LANGUAGE_STANDARD = gnu11;
				GCC_NO_COMMON_BLOCKS = YES;
				GCC_WARN_64_TO_32_BIT_CONVERSION = YES;
				GCC_WARN_ABOUT_RETURN_TYPE = YES_ERROR;
				GCC_WARN_UNDECLARED_SELECTOR = YES;
				GCC_WARN_UNINITIALIZED_AUTOS = YES_AGGRESSIVE;
				GCC_WARN_UNUSED_FUNCTION = YES;
				GCC_WARN_UNUSED_VARIABLE = YES;
				IPHONEOS_DEPLOYMENT_TARGET = 16.1;
				MTL_ENABLE_DEBUG_INFO = NO;
				MTL_FAST_MATH = YES;
				SDKROOT = iphoneos;
				SWIFT_COMPILATION_MODE = wholemodule;
				SWIFT_OPTIMIZATION_LEVEL = "-O";
				VALIDATE_PRODUCT = YES;
			};
			name = Release;
		};
		A770B7A12979914400824B3A /* Debug */ = {
			isa = XCBuildConfiguration;
			buildSettings = {
				ASSETCATALOG_COMPILER_APPICON_NAME = AppIcon;
				ASSETCATALOG_COMPILER_GLOBAL_ACCENT_COLOR_NAME = AccentColor;
				CODE_SIGN_STYLE = Automatic;
				CURRENT_PROJECT_VERSION = 1;
				GENERATE_INFOPLIST_FILE = YES;
				INFOPLIST_FILE = "idm362-jwt23/Info.plist";
				INFOPLIST_KEY_CFBundleDisplayName = "wk05-Swift";
				INFOPLIST_KEY_UIApplicationSupportsIndirectInputEvents = YES;
				INFOPLIST_KEY_UILaunchStoryboardName = LaunchScreen;
				INFOPLIST_KEY_UIMainStoryboardFile = Main;
				INFOPLIST_KEY_UISupportedInterfaceOrientations_iPad = "UIInterfaceOrientationPortrait UIInterfaceOrientationPortraitUpsideDown UIInterfaceOrientationLandscapeLeft UIInterfaceOrientationLandscapeRight";
				INFOPLIST_KEY_UISupportedInterfaceOrientations_iPhone = "UIInterfaceOrientationPortrait UIInterfaceOrientationLandscapeLeft UIInterfaceOrientationLandscapeRight";
				LD_RUNPATH_SEARCH_PATHS = (
					"$(inherited)",
					"@executable_path/Frameworks",
				);
				MARKETING_VERSION = 1.0;
				PRODUCT_BUNDLE_IDENTIFIER = "com.jervo.idm362-jwt23";
				PRODUCT_NAME = "$(TARGET_NAME)";
				SWIFT_EMIT_LOC_STRINGS = YES;
				SWIFT_VERSION = 5.0;
				TARGETED_DEVICE_FAMILY = "1,2";
			};
			name = Debug;
		};
		A770B7A22979914400824B3A /* Release */ = {
			isa = XCBuildConfiguration;
			buildSettings = {
				ASSETCATALOG_COMPILER_APPICON_NAME = AppIcon;
				ASSETCATALOG_COMPILER_GLOBAL_ACCENT_COLOR_NAME = AccentColor;
				CODE_SIGN_STYLE = Automatic;
				CURRENT_PROJECT_VERSION = 1;
				GENERATE_INFOPLIST_FILE = YES;
				INFOPLIST_FILE = "idm362-jwt23/Info.plist";
				INFOPLIST_KEY_CFBundleDisplayName = "wk05-Swift";
				INFOPLIST_KEY_UIApplicationSupportsIndirectInputEvents = YES;
				INFOPLIST_KEY_UILaunchStoryboardName = LaunchScreen;
				INFOPLIST_KEY_UIMainStoryboardFile = Main;
				INFOPLIST_KEY_UISupportedInterfaceOrientations_iPad = "UIInterfaceOrientationPortrait UIInterfaceOrientationPortraitUpsideDown UIInterfaceOrientationLandscapeLeft UIInterfaceOrientationLandscapeRight";
				INFOPLIST_KEY_UISupportedInterfaceOrientations_iPhone = "UIInterfaceOrientationPortrait UIInterfaceOrientationLandscapeLeft UIInterfaceOrientationLandscapeRight";
				LD_RUNPATH_SEARCH_PATHS = (
					"$(inherited)",
					"@executable_path/Frameworks",
				);
				MARKETING_VERSION = 1.0;
				PRODUCT_BUNDLE_IDENTIFIER = "com.jervo.idm362-jwt23";
				PRODUCT_NAME = "$(TARGET_NAME)";
				SWIFT_EMIT_LOC_STRINGS = YES;
				SWIFT_VERSION = 5.0;
				TARGETED_DEVICE_FAMILY = "1,2";
			};
			name = Release;
		};
/* End XCBuildConfiguration section */

/* Begin XCConfigurationList section */
		A770B7872979914200824B3A /* Build configuration list for PBXProject "idm362-jwt23" */ = {
			isa = XCConfigurationList;
			buildConfigurations = (
				A770B79E2979914400824B3A /* Debug */,
				A770B79F2979914400824B3A /* Release */,
			);
			defaultConfigurationIsVisible = 0;
			defaultConfigurationName = Release;
		};
		A770B7A02979914400824B3A /* Build configuration list for PBXNativeTarget "idm362-jwt23" */ = {
			isa = XCConfigurationList;
			buildConfigurations = (
				A770B7A12979914400824B3A /* Debug */,
				A770B7A22979914400824B3A /* Release */,
			);
			defaultConfigurationIsVisible = 0;
			defaultConfigurationName = Release;
		};
/* End XCConfigurationList section */
	};
	rootObject = A770B7842979914200824B3A /* Project object */;
}
